{
  "nodes": {
    "nixpkgs": {
      "locked": {
        "lastModified": 1612090634,
        "narHash": "sha256-C/AsNURYiSVOhAJK6XesoxmH2TzezyTlXJg50y+GKhI=",
        "owner": "NixOS",
        "repo": "nixpkgs",
        "rev": "7ef22dee50ceeee86963f5054298b12b31be8f19",
        "type": "github"
      },
      "original": {
        "owner": "NixOS",
        "ref": "release-20.09",
        "repo": "nixpkgs",
        "type": "github"
      }
    },
    "root": {
      "inputs": {
        "nixpkgs": "nixpkgs"
      }
    }
  },
  "root": "root",
  "version": 7
}
